
Microsoft Visual Studio Solution File, Format Version 12.00
# Visual Studio Version 17
VisualStudioVersion = 17.13.35825.156 d17.13
MinimumVisualStudioVersion = 10.0.40219.1
Project("{FAE04EC0-301F-11D3-BF4B-00C04F79EFBC}") = "HelpDesk", "HelpDesk.csproj", "{AC625A3A-AFA2-4EE8-8BF2-84B0F65D445D}"
EndProject
Global
	GlobalSection(SolutionConfigurationPlatforms) = preSolution
		Debug|Any CPU = Debug|Any CPU
		Release|Any CPU = Release|Any CPU
	EndGlobalSection
	GlobalSection(ProjectConfigurationPlatforms) = postSolution
		{AC625A3A-AFA2-4EE8-8BF2-84B0F65D445D}.Debug|Any CPU.ActiveCfg = Debug|Any CPU
		{AC625A3A-AFA2-4EE8-8BF2-84B0F65D445D}.Debug|Any CPU.Build.0 = Debug|Any CPU
		{AC625A3A-AFA2-4EE8-8BF2-84B0F65D445D}.Release|Any CPU.ActiveCfg = Release|Any CPU
		{AC625A3A-AFA2-4EE8-8BF2-84B0F65D445D}.Release|Any CPU.Build.0 = Release|Any CPU
	EndGlobalSection
	GlobalSection(SolutionProperties) = preSolution
		HideSolutionNode = FALSE
	EndGlobalSection
	GlobalSection(ExtensibilityGlobals) = postSolution
		SolutionGuid = {1EBDE796-A2AC-49AD-AFA8-25014A927DC0}
	EndGlobalSection
EndGlobal
